
Microsoft Visual Studio Solution File, Format Version 12.00
# Visual Studio Version 17
VisualStudioVersion = 17.10.35013.160
MinimumVisualStudioVersion = 10.0.40219.1
Project("{FAE04EC0-301F-11D3-BF4B-00C04F79EFBC}") = "NKatmanliMimari_Proje", "NKatmanliMimari_Proje\NKatmanliMimari_Proje.csproj", "{F8B1D4D9-BB40-42EE-ADB2-090DC2191ECA}"
EndProject
Project("{FAE04EC0-301F-11D3-BF4B-00C04F79EFBC}") = "EntityLayer", "EntityLayer\EntityLayer.csproj", "{292CB3CA-F9AC-4835-B9CD-23A8D1F3B983}"
EndProject
Project("{FAE04EC0-301F-11D3-BF4B-00C04F79EFBC}") = "DataAccessLayer", "DataAccessLayer\DataAccessLayer.csproj", "{319BEFE4-48D1-4E2F-A9A0-F56763031D85}"
EndProject
Project("{FAE04EC0-301F-11D3-BF4B-00C04F79EFBC}") = "LogicLayer", "LogicLayer\LogicLayer.csproj", "{691BA334-05D1-4BFF-8D10-C303F9171EE1}"
EndProject
Global
	GlobalSection(SolutionConfigurationPlatforms) = preSolution
		Debug|Any CPU = Debug|Any CPU
		Release|Any CPU = Release|Any CPU
	EndGlobalSection
	GlobalSection(ProjectConfigurationPlatforms) = postSolution
		{F8B1D4D9-BB40-42EE-ADB2-090DC2191ECA}.Debug|Any CPU.ActiveCfg = Debug|Any CPU
		{F8B1D4D9-BB40-42EE-ADB2-090DC2191ECA}.Debug|Any CPU.Build.0 = Debug|Any CPU
		{F8B1D4D9-BB40-42EE-ADB2-090DC2191ECA}.Release|Any CPU.ActiveCfg = Release|Any CPU
		{F8B1D4D9-BB40-42EE-ADB2-090DC2191ECA}.Release|Any CPU.Build.0 = Release|Any CPU
		{292CB3CA-F9AC-4835-B9CD-23A8D1F3B983}.Debug|Any CPU.ActiveCfg = Debug|Any CPU
		{292CB3CA-F9AC-4835-B9CD-23A8D1F3B983}.Debug|Any CPU.Build.0 = Debug|Any CPU
		{292CB3CA-F9AC-4835-B9CD-23A8D1F3B983}.Release|Any CPU.ActiveCfg = Release|Any CPU
		{292CB3CA-F9AC-4835-B9CD-23A8D1F3B983}.Release|Any CPU.Build.0 = Release|Any CPU
		{319BEFE4-48D1-4E2F-A9A0-F56763031D85}.Debug|Any CPU.ActiveCfg = Debug|Any CPU
		{319BEFE4-48D1-4E2F-A9A0-F56763031D85}.Debug|Any CPU.Build.0 = Debug|Any CPU
		{319BEFE4-48D1-4E2F-A9A0-F56763031D85}.Release|Any CPU.ActiveCfg = Release|Any CPU
		{319BEFE4-48D1-4E2F-A9A0-F56763031D85}.Release|Any CPU.Build.0 = Release|Any CPU
		{691BA334-05D1-4BFF-8D10-C303F9171EE1}.Debug|Any CPU.ActiveCfg = Debug|Any CPU
		{691BA334-05D1-4BFF-8D10-C303F9171EE1}.Debug|Any CPU.Build.0 = Debug|Any CPU
		{691BA334-05D1-4BFF-8D10-C303F9171EE1}.Release|Any CPU.ActiveCfg = Release|Any CPU
		{691BA334-05D1-4BFF-8D10-C303F9171EE1}.Release|Any CPU.Build.0 = Release|Any CPU
	EndGlobalSection
	GlobalSection(SolutionProperties) = preSolution
		HideSolutionNode = FALSE
	EndGlobalSection
	GlobalSection(ExtensibilityGlobals) = postSolution
		SolutionGuid = {7FFB2B7C-E619-4492-8687-176218113CF4}
	EndGlobalSection
EndGlobal
