
Microsoft Visual Studio Solution File, Format Version 12.00
# Visual Studio Version 17
VisualStudioVersion = 17.9.34728.123
MinimumVisualStudioVersion = 10.0.40219.1
Project("{FAE04EC0-301F-11D3-BF4B-00C04F79EFBC}") = "FormTools", "FormTools\FormTools.csproj", "{B9F9A771-27C5-493E-8563-EEA06DA5DD3C}"
EndProject
Project("{FAE04EC0-301F-11D3-BF4B-00C04F79EFBC}") = "UcakBiletRezervasyon", "..\UcakBiletRezervasyon\UcakBiletRezervasyon.csproj", "{A06AB134-9D71-4E75-9AE3-FDBF02B88C0E}"
EndProject
Global
	GlobalSection(SolutionConfigurationPlatforms) = preSolution
		Debug|Any CPU = Debug|Any CPU
		Release|Any CPU = Release|Any CPU
	EndGlobalSection
	GlobalSection(ProjectConfigurationPlatforms) = postSolution
		{B9F9A771-27C5-493E-8563-EEA06DA5DD3C}.Debug|Any CPU.ActiveCfg = Debug|Any CPU
		{B9F9A771-27C5-493E-8563-EEA06DA5DD3C}.Debug|Any CPU.Build.0 = Debug|Any CPU
		{B9F9A771-27C5-493E-8563-EEA06DA5DD3C}.Release|Any CPU.ActiveCfg = Release|Any CPU
		{B9F9A771-27C5-493E-8563-EEA06DA5DD3C}.Release|Any CPU.Build.0 = Release|Any CPU
		{A06AB134-9D71-4E75-9AE3-FDBF02B88C0E}.Debug|Any CPU.ActiveCfg = Debug|Any CPU
		{A06AB134-9D71-4E75-9AE3-FDBF02B88C0E}.Debug|Any CPU.Build.0 = Debug|Any CPU
		{A06AB134-9D71-4E75-9AE3-FDBF02B88C0E}.Release|Any CPU.ActiveCfg = Release|Any CPU
		{A06AB134-9D71-4E75-9AE3-FDBF02B88C0E}.Release|Any CPU.Build.0 = Release|Any CPU
	EndGlobalSection
	GlobalSection(SolutionProperties) = preSolution
		HideSolutionNode = FALSE
	EndGlobalSection
	GlobalSection(ExtensibilityGlobals) = postSolution
		SolutionGuid = {59726310-2517-4F22-8914-FB468AC7B70D}
	EndGlobalSection
EndGlobal
