
Microsoft Visual Studio Solution File, Format Version 12.00
# Visual Studio Version 17
VisualStudioVersion = 17.9.34728.123
MinimumVisualStudioVersion = 10.0.40219.1
Project("{FAE04EC0-301F-11D3-BF4B-00C04F79EFBC}") = "PastaPisirmeSurecUygulamasi", "PastaPisirmeSurecUygulamasi\PastaPisirmeSurecUygulamasi.csproj", "{8FB020B6-B1D4-4C4D-923D-87B11E2463AD}"
EndProject
Global
	GlobalSection(SolutionConfigurationPlatforms) = preSolution
		Debug|Any CPU = Debug|Any CPU
		Release|Any CPU = Release|Any CPU
	EndGlobalSection
	GlobalSection(ProjectConfigurationPlatforms) = postSolution
		{8FB020B6-B1D4-4C4D-923D-87B11E2463AD}.Debug|Any CPU.ActiveCfg = Debug|Any CPU
		{8FB020B6-B1D4-4C4D-923D-87B11E2463AD}.Debug|Any CPU.Build.0 = Debug|Any CPU
		{8FB020B6-B1D4-4C4D-923D-87B11E2463AD}.Release|Any CPU.ActiveCfg = Release|Any CPU
		{8FB020B6-B1D4-4C4D-923D-87B11E2463AD}.Release|Any CPU.Build.0 = Release|Any CPU
	EndGlobalSection
	GlobalSection(SolutionProperties) = preSolution
		HideSolutionNode = FALSE
	EndGlobalSection
	GlobalSection(ExtensibilityGlobals) = postSolution
		SolutionGuid = {62EFEC2A-5D53-4EC8-A5AD-9D2E175C76B8}
	EndGlobalSection
EndGlobal
